{
  "name": "client",
  "lockfileVersion": 2,
  "requires": true,
  "packages": {
    "": {
      "dependencies": {
        "FocusCorpReactUI": "file:.."
      }
    },
    "..": {
      "version": "0.1.0",
      "dependencies": {
        "@testing-library/jest-dom": "^4.2.4",
        "@testing-library/react": "^9.5.0",
        "@testing-library/user-event": "^7.2.1",
        "bootstrap": "^4.5.0",
        "node-sass": "^4.14.1",
        "react": "^16.13.1",
        "react-dom": "^16.13.1",
        "react-helmet": "^6.1.0",
        "react-icons": "^3.10.0",
        "react-modal-video": "^1.2.5",
        "react-router-dom": "^5.2.0",
        "react-scripts": "3.4.1",
        "react-scroll-up": "^1.3.3",
        "react-slick": "^0.26.1",
        "react-slick-carousel": "^0.14.9",
        "react-tabs": "^3.1.1"
      }
    },
    "node_modules/FocusCorpReactUI": {
      "resolved": "..",
      "link": true
    }
  },
  "dependencies": {
    "FocusCorpReactUI": {
      "version": "file:..",
      "requires": {
        "@testing-library/jest-dom": "^4.2.4",
        "@testing-library/react": "^9.5.0",
        "@testing-library/user-event": "^7.2.1",
        "bootstrap": "^4.5.0",
        "node-sass": "^4.14.1",
        "react": "^16.13.1",
        "react-dom": "^16.13.1",
        "react-helmet": "^6.1.0",
        "react-icons": "^3.10.0",
        "react-modal-video": "^1.2.5",
        "react-router-dom": "^5.2.0",
        "react-scripts": "3.4.1",
        "react-scroll-up": "^1.3.3",
        "react-slick": "^0.26.1",
        "react-slick-carousel": "^0.14.9",
        "react-tabs": "^3.1.1"
      }
    }
  }
}
