{
  "name": "client",
  "lockfileVersion": 2,
  "requires": true,
  "packages": {
    "": {
      "dependencies": {
        "FocusCorpUI": "file:.."
      }
    },
    "..": {
      "version": "1.0.0",
      "license": "MIT",
      "dependencies": {
        "@cloudant/cloudant": "^4.2.4",
        "body-parser": "^1.19.0",
        "cloudant": "^1.10.0-NOTICE",
        "express": "^4.17.1"
      },
      "devDependencies": {
        "concurrently": "^6.5.1"
      }
    },
    "node_modules/FocusCorpGui": {
      "resolved": "..",
      "link": true
    }
  },
  "dependencies": {
    "FocusCorpUI": {
      "version": "file:..",
      "requires": {
        "@cloudant/cloudant": "^4.2.4",
        "body-parser": "^1.19.0",
        "cloudant": "^1.10.0-NOTICE",
        "concurrently": "^6.5.1",
        "express": "^4.17.1"
      }
    }
  }
}
